// !$*UTF8*$!
{
	archiveVersion = 1;
	classes = {
	};
	objectVersion = 55;
	objects = {

/* Begin PBXBuildFile section */
		01C9D49E287F357200598D7C /* AppDelegate.swift in Sources */ = {isa = PBXBuildFile; fileRef = 01C9D49D287F357200598D7C /* AppDelegate.swift */; };
		01C9D4A0287F357200598D7C /* SceneDelegate.swift in Sources */ = {isa = PBXBuildFile; fileRef = 01C9D49F287F357200598D7C /* SceneDelegate.swift */; };
		01C9D4A2287F357200598D7C /* ViewController.swift in Sources */ = {isa = PBXBuildFile; fileRef = 01C9D4A1287F357200598D7C /* ViewController.swift */; };
		01C9D4A5287F357200598D7C /* Main.storyboard in Resources */ = {isa = PBXBuildFile; fileRef = 01C9D4A3287F357200598D7C /* Main.storyboard */; };
		01C9D4A7287F357700598D7C /* Assets.xcassets in Resources */ = {isa = PBXBuildFile; fileRef = 01C9D4A6287F357700598D7C /* Assets.xcassets */; };
		01C9D4AA287F357700598D7C /* LaunchScreen.storyboard in Resources */ = {isa = PBXBuildFile; fileRef = 01C9D4A8287F357700598D7C /* LaunchScreen.storyboard */; };
		01C9D4B8287F37E500598D7C /* NewsModal.swift in Sources */ = {isa = PBXBuildFile; fileRef = 01C9D4B7287F37E500598D7C /* NewsModal.swift */; };
		01C9D4BC287F3B4700598D7C /* NewsTVC.swift in Sources */ = {isa = PBXBuildFile; fileRef = 01C9D4BA287F3B4700598D7C /* NewsTVC.swift */; };
		01C9D4BD287F3B4700598D7C /* NewsTVC.xib in Resources */ = {isa = PBXBuildFile; fileRef = 01C9D4BB287F3B4700598D7C /* NewsTVC.xib */; };
		12F3386665F06F511BE599CC /* Pods_newsapp.framework in Frameworks */ = {isa = PBXBuildFile; fileRef = 0A36D9A47896B7749A90D9F3 /* Pods_newsapp.framework */; };
/* End PBXBuildFile section */

/* Begin PBXFileReference section */
		01C9D49A287F357200598D7C /* newsapp.app */ = {isa = PBXFileReference; explicitFileType = wrapper.application; includeInIndex = 0; path = newsapp.app; sourceTree = BUILT_PRODUCTS_DIR; };
		01C9D49D287F357200598D7C /* AppDelegate.swift */ = {isa = PBXFileReference; lastKnownFileType = sourcecode.swift; path = AppDelegate.swift; sourceTree = "<group>"; };
		01C9D49F287F357200598D7C /* SceneDelegate.swift */ = {isa = PBXFileReference; lastKnownFileType = sourcecode.swift; path = SceneDelegate.swift; sourceTree = "<group>"; };
		01C9D4A1287F357200598D7C /* ViewController.swift */ = {isa = PBXFileReference; lastKnownFileType = sourcecode.swift; path = ViewController.swift; sourceTree = "<group>"; };
		01C9D4A4287F357200598D7C /* Base */ = {isa = PBXFileReference; lastKnownFileType = file.storyboard; name = Base; path = Base.lproj/Main.storyboard; sourceTree = "<group>"; };
		01C9D4A6287F357700598D7C /* Assets.xcassets */ = {isa = PBXFileReference; lastKnownFileType = folder.assetcatalog; path = Assets.xcassets; sourceTree = "<group>"; };
		01C9D4A9287F357700598D7C /* Base */ = {isa = PBXFileReference; lastKnownFileType = file.storyboard; name = Base; path = Base.lproj/LaunchScreen.storyboard; sourceTree = "<group>"; };
		01C9D4AB287F357700598D7C /* Info.plist */ = {isa = PBXFileReference; lastKnownFileType = text.plist.xml; path = Info.plist; sourceTree = "<group>"; };
		01C9D4B7287F37E500598D7C /* NewsModal.swift */ = {isa = PBXFileReference; lastKnownFileType = sourcecode.swift; path = NewsModal.swift; sourceTree = "<group>"; };
		01C9D4BA287F3B4700598D7C /* NewsTVC.swift */ = {isa = PBXFileReference; lastKnownFileType = sourcecode.swift; path = NewsTVC.swift; sourceTree = "<group>"; };
		01C9D4BB287F3B4700598D7C /* NewsTVC.xib */ = {isa = PBXFileReference; lastKnownFileType = file.xib; path = NewsTVC.xib; sourceTree = "<group>"; };
		0A36D9A47896B7749A90D9F3 /* Pods_newsapp.framework */ = {isa = PBXFileReference; explicitFileType = wrapper.framework; includeInIndex = 0; path = Pods_newsapp.framework; sourceTree = BUILT_PRODUCTS_DIR; };
		2D83487484C2C3DC8BE5ACA8 /* Pods-newsapp.release.xcconfig */ = {isa = PBXFileReference; includeInIndex = 1; lastKnownFileType = text.xcconfig; name = "Pods-newsapp.release.xcconfig"; path = "Target Support Files/Pods-newsapp/Pods-newsapp.release.xcconfig"; sourceTree = "<group>"; };
		5C4FD7AD98F14155903E8EAB /* Pods-newsapp.debug.xcconfig */ = {isa = PBXFileReference; includeInIndex = 1; lastKnownFileType = text.xcconfig; name = "Pods-newsapp.debug.xcconfig"; path = "Target Support Files/Pods-newsapp/Pods-newsapp.debug.xcconfig"; sourceTree = "<group>"; };
/* End PBXFileReference section */

/* Begin PBXFrameworksBuildPhase section */
		01C9D497287F357200598D7C /* Frameworks */ = {
			isa = PBXFrameworksBuildPhase;
			buildActionMask = 2147483647;
			files = (
				12F3386665F06F511BE599CC /* Pods_newsapp.framework in Frameworks */,
			);
			runOnlyForDeploymentPostprocessing = 0;
		};
/* End PBXFrameworksBuildPhase section */

/* Begin PBXGroup section */
		01C9D491287F357200598D7C = {
			isa = PBXGroup;
			children = (
				01C9D49C287F357200598D7C /* newsapp */,
				01C9D49B287F357200598D7C /* Products */,
				CE6889DF19FC307A03A9085F /* Pods */,
				4C0296EDD24D3566DA5DD4EC /* Frameworks */,
			);
			sourceTree = "<group>";
		};
		01C9D49B287F357200598D7C /* Products */ = {
			isa = PBXGroup;
			children = (
				01C9D49A287F357200598D7C /* newsapp.app */,
			);
			name = Products;
			sourceTree = "<group>";
		};
		01C9D49C287F357200598D7C /* newsapp */ = {
			isa = PBXGroup;
			children = (
				01C9D4B9287F3B1E00598D7C /* XIBs */,
				01C9D4B2287F373100598D7C /* Modal */,
				01C9D4B5287F37AC00598D7C /* Utility */,
				01C9D4B6287F37BA00598D7C /* ViewController */,
				01C9D4A3287F357200598D7C /* Main.storyboard */,
				01C9D4A6287F357700598D7C /* Assets.xcassets */,
				01C9D4A8287F357700598D7C /* LaunchScreen.storyboard */,
				01C9D4AB287F357700598D7C /* Info.plist */,
			);
			path = newsapp;
			sourceTree = "<group>";
		};
		01C9D4B2287F373100598D7C /* Modal */ = {
			isa = PBXGroup;
			children = (
				01C9D4B7287F37E500598D7C /* NewsModal.swift */,
			);
			path = Modal;
			sourceTree = "<group>";
		};
		01C9D4B5287F37AC00598D7C /* Utility */ = {
			isa = PBXGroup;
			children = (
				01C9D49D287F357200598D7C /* AppDelegate.swift */,
				01C9D49F287F357200598D7C /* SceneDelegate.swift */,
			);
			path = Utility;
			sourceTree = "<group>";
		};
		01C9D4B6287F37BA00598D7C /* ViewController */ = {
			isa = PBXGroup;
			children = (
				01C9D4A1287F357200598D7C /* ViewController.swift */,
			);
			path = ViewController;
			sourceTree = "<group>";
		};
		01C9D4B9287F3B1E00598D7C /* XIBs */ = {
			isa = PBXGroup;
			children = (
				01C9D4BA287F3B4700598D7C /* NewsTVC.swift */,
				01C9D4BB287F3B4700598D7C /* NewsTVC.xib */,
			);
			path = XIBs;
			sourceTree = "<group>";
		};
		4C0296EDD24D3566DA5DD4EC /* Frameworks */ = {
			isa = PBXGroup;
			children = (
				0A36D9A47896B7749A90D9F3 /* Pods_newsapp.framework */,
			);
			name = Frameworks;
			sourceTree = "<group>";
		};
		CE6889DF19FC307A03A9085F /* Pods */ = {
			isa = PBXGroup;
			children = (
				5C4FD7AD98F14155903E8EAB /* Pods-newsapp.debug.xcconfig */,
				2D83487484C2C3DC8BE5ACA8 /* Pods-newsapp.release.xcconfig */,
			);
			path = Pods;
			sourceTree = "<group>";
		};
/* End PBXGroup section */

/* Begin PBXNativeTarget section */
		01C9D499287F357200598D7C /* newsapp */ = {
			isa = PBXNativeTarget;
			buildConfigurationList = 01C9D4AE287F357700598D7C /* Build configuration list for PBXNativeTarget "newsapp" */;
			buildPhases = (
				5F5160BFD3413CD859D6FCAE /* [CP] Check Pods Manifest.lock */,
				01C9D496287F357200598D7C /* Sources */,
				01C9D497287F357200598D7C /* Frameworks */,
				01C9D498287F357200598D7C /* Resources */,
				84CC3D4596F10AF2BA4B9CBA /* [CP] Embed Pods Frameworks */,
			);
			buildRules = (
			);
			dependencies = (
			);
			name = newsapp;
			productName = newsapp;
			productReference = 01C9D49A287F357200598D7C /* newsapp.app */;
			productType = "com.apple.product-type.application";
		};
/* End PBXNativeTarget section */

/* Begin PBXProject section */
		01C9D492287F357200598D7C /* Project object */ = {
			isa = PBXProject;
			attributes = {
				BuildIndependentTargetsInParallel = 1;
				LastSwiftUpdateCheck = 1340;
				LastUpgradeCheck = 1340;
				TargetAttributes = {
					01C9D499287F357200598D7C = {
						CreatedOnToolsVersion = 13.4;
					};
				};
			};
			buildConfigurationList = 01C9D495287F357200598D7C /* Build configuration list for PBXProject "newsapp" */;
			compatibilityVersion = "Xcode 13.0";
			developmentRegion = en;
			hasScannedForEncodings = 0;
			knownRegions = (
				en,
				Base,
			);
			mainGroup = 01C9D491287F357200598D7C;
			productRefGroup = 01C9D49B287F357200598D7C /* Products */;
			projectDirPath = "";
			projectRoot = "";
			targets = (
				01C9D499287F357200598D7C /* newsapp */,
			);
		};
/* End PBXProject section */

/* Begin PBXResourcesBuildPhase section */
		01C9D498287F357200598D7C /* Resources */ = {
			isa = PBXResourcesBuildPhase;
			buildActionMask = 2147483647;
			files = (
				01C9D4AA287F357700598D7C /* LaunchScreen.storyboard in Resources */,
				01C9D4A7287F357700598D7C /* Assets.xcassets in Resources */,
				01C9D4BD287F3B4700598D7C /* NewsTVC.xib in Resources */,
				01C9D4A5287F357200598D7C /* Main.storyboard in Resources */,
			);
			runOnlyForDeploymentPostprocessing = 0;
		};
/* End PBXResourcesBuildPhase section */

/* Begin PBXShellScriptBuildPhase section */
		5F5160BFD3413CD859D6FCAE /* [CP] Check Pods Manifest.lock */ = {
			isa = PBXShellScriptBuildPhase;
			buildActionMask = 2147483647;
			files = (
			);
			inputFileListPaths = (
			);
			inputPaths = (
				"${PODS_PODFILE_DIR_PATH}/Podfile.lock",
				"${PODS_ROOT}/Manifest.lock",
			);
			name = "[CP] Check Pods Manifest.lock";
			outputFileListPaths = (
			);
			outputPaths = (
				"$(DERIVED_FILE_DIR)/Pods-newsapp-checkManifestLockResult.txt",
			);
			runOnlyForDeploymentPostprocessing = 0;
			shellPath = /bin/sh;
			shellScript = "diff \"${PODS_PODFILE_DIR_PATH}/Podfile.lock\" \"${PODS_ROOT}/Manifest.lock\" > /dev/null\nif [ $? != 0 ] ; then\n    # print error to STDERR\n    echo \"error: The sandbox is not in sync with the Podfile.lock. Run 'pod install' or update your CocoaPods installation.\" >&2\n    exit 1\nfi\n# This output is used by Xcode 'outputs' to avoid re-running this script phase.\necho \"SUCCESS\" > \"${SCRIPT_OUTPUT_FILE_0}\"\n";
			showEnvVarsInLog = 0;
		};
		84CC3D4596F10AF2BA4B9CBA /* [CP] Embed Pods Frameworks */ = {
			isa = PBXShellScriptBuildPhase;
			buildActionMask = 2147483647;
			files = (
			);
			inputFileListPaths = (
				"${PODS_ROOT}/Target Support Files/Pods-newsapp/Pods-newsapp-frameworks-${CONFIGURATION}-input-files.xcfilelist",
			);
			name = "[CP] Embed Pods Frameworks";
			outputFileListPaths = (
				"${PODS_ROOT}/Target Support Files/Pods-newsapp/Pods-newsapp-frameworks-${CONFIGURATION}-output-files.xcfilelist",
			);
			runOnlyForDeploymentPostprocessing = 0;
			shellPath = /bin/sh;
			shellScript = "\"${PODS_ROOT}/Target Support Files/Pods-newsapp/Pods-newsapp-frameworks.sh\"\n";
			showEnvVarsInLog = 0;
		};
/* End PBXShellScriptBuildPhase section */

/* Begin PBXSourcesBuildPhase section */
		01C9D496287F357200598D7C /* Sources */ = {
			isa = PBXSourcesBuildPhase;
			buildActionMask = 2147483647;
			files = (
				01C9D4B8287F37E500598D7C /* NewsModal.swift in Sources */,
				01C9D4A2287F357200598D7C /* ViewController.swift in Sources */,
				01C9D49E287F357200598D7C /* AppDelegate.swift in Sources */,
				01C9D4A0287F357200598D7C /* SceneDelegate.swift in Sources */,
				01C9D4BC287F3B4700598D7C /* NewsTVC.swift in Sources */,
			);
			runOnlyForDeploymentPostprocessing = 0;
		};
/* End PBXSourcesBuildPhase section */

/* Begin PBXVariantGroup section */
		01C9D4A3287F357200598D7C /* Main.storyboard */ = {
			isa = PBXVariantGroup;
			children = (
				01C9D4A4287F357200598D7C /* Base */,
			);
			name = Main.storyboard;
			sourceTree = "<group>";
		};
		01C9D4A8287F357700598D7C /* LaunchScreen.storyboard */ = {
			isa = PBXVariantGroup;
			children = (
				01C9D4A9287F357700598D7C /* Base */,
			);
			name = LaunchScreen.storyboard;
			sourceTree = "<group>";
		};
/* End PBXVariantGroup section */

/* Begin XCBuildConfiguration section */
		01C9D4AC287F357700598D7C /* Debug */ = {
			isa = XCBuildConfiguration;
			buildSettings = {
				ALWAYS_SEARCH_USER_PATHS = NO;
				CLANG_ANALYZER_NONNULL = YES;
				CLANG_ANALYZER_NUMBER_OBJECT_CONVERSION = YES_AGGRESSIVE;
				CLANG_CXX_LANGUAGE_STANDARD = "gnu++17";
				CLANG_ENABLE_MODULES = YES;
				CLANG_ENABLE_OBJC_ARC = YES;
				CLANG_ENABLE_OBJC_WEAK = YES;
				CLANG_WARN_BLOCK_CAPTURE_AUTORELEASING = YES;
				CLANG_WARN_BOOL_CONVERSION = YES;
				CLANG_WARN_COMMA = YES;
				CLANG_WARN_CONSTANT_CONVERSION = YES;
				CLANG_WARN_DEPRECATED_OBJC_IMPLEMENTATIONS = YES;
				CLANG_WARN_DIRECT_OBJC_ISA_USAGE = YES_ERROR;
				CLANG_WARN_DOCUMENTATION_COMMENTS = YES;
				CLANG_WARN_EMPTY_BODY = YES;
				CLANG_WARN_ENUM_CONVERSION = YES;
				CLANG_WARN_INFINITE_RECURSION = YES;
				CLANG_WARN_INT_CONVERSION = YES;
				CLANG_WARN_NON_LITERAL_NULL_CONVERSION = YES;
				CLANG_WARN_OBJC_IMPLICIT_RETAIN_SELF = YES;
				CLANG_WARN_OBJC_LITERAL_CONVERSION = YES;
				CLANG_WARN_OBJC_ROOT_CLASS = YES_ERROR;
				CLANG_WARN_QUOTED_INCLUDE_IN_FRAMEWORK_HEADER = YES;
				CLANG_WARN_RANGE_LOOP_ANALYSIS = YES;
				CLANG_WARN_STRICT_PROTOTYPES = YES;
				CLANG_WARN_SUSPICIOUS_MOVE = YES;
				CLANG_WARN_UNGUARDED_AVAILABILITY = YES_AGGRESSIVE;
				CLANG_WARN_UNREACHABLE_CODE = YES;
				CLANG_WARN__DUPLICATE_METHOD_MATCH = YES;
				COPY_PHASE_STRIP = NO;
				DEBUG_INFORMATION_FORMAT = dwarf;
				ENABLE_STRICT_OBJC_MSGSEND = YES;
				ENABLE_TESTABILITY = YES;
				GCC_C_LANGUAGE_STANDARD = gnu11;
				GCC_DYNAMIC_NO_PIC = NO;
				GCC_NO_COMMON_BLOCKS = YES;
				GCC_OPTIMIZATION_LEVEL = 0;
				GCC_PREPROCESSOR_DEFINITIONS = (
					"DEBUG=1",
					"$(inherited)",
				);
				GCC_WARN_64_TO_32_BIT_CONVERSION = YES;
				GCC_WARN_ABOUT_RETURN_TYPE = YES_ERROR;
				GCC_WARN_UNDECLARED_SELECTOR = YES;
				GCC_WARN_UNINITIALIZED_AUTOS = YES_AGGRESSIVE;
				GCC_WARN_UNUSED_FUNCTION = YES;
				GCC_WARN_UNUSED_VARIABLE = YES;
				IPHONEOS_DEPLOYMENT_TARGET = 15.5;
				MTL_ENABLE_DEBUG_INFO = INCLUDE_SOURCE;
				MTL_FAST_MATH = YES;
				ONLY_ACTIVE_ARCH = YES;
				SDKROOT = iphoneos;
				SWIFT_ACTIVE_COMPILATION_CONDITIONS = DEBUG;
				SWIFT_OPTIMIZATION_LEVEL = "-Onone";
			};
			name = Debug;
		};
		01C9D4AD287F357700598D7C /* Release */ = {
			isa = XCBuildConfiguration;
			buildSettings = {
				ALWAYS_SEARCH_USER_PATHS = NO;
				CLANG_ANALYZER_NONNULL = YES;
				CLANG_ANALYZER_NUMBER_OBJECT_CONVERSION = YES_AGGRESSIVE;
				CLANG_CXX_LANGUAGE_STANDARD = "gnu++17";
				CLANG_ENABLE_MODULES = YES;
				CLANG_ENABLE_OBJC_ARC = YES;
				CLANG_ENABLE_OBJC_WEAK = YES;
				CLANG_WARN_BLOCK_CAPTURE_AUTORELEASING = YES;
				CLANG_WARN_BOOL_CONVERSION = YES;
				CLANG_WARN_COMMA = YES;
				CLANG_WARN_CONSTANT_CONVERSION = YES;
				CLANG_WARN_DEPRECATED_OBJC_IMPLEMENTATIONS = YES;
				CLANG_WARN_DIRECT_OBJC_ISA_USAGE = YES_ERROR;
				CLANG_WARN_DOCUMENTATION_COMMENTS = YES;
				CLANG_WARN_EMPTY_BODY = YES;
				CLANG_WARN_ENUM_CONVERSION = YES;
				CLANG_WARN_INFINITE_RECURSION = YES;
				CLANG_WARN_INT_CONVERSION = YES;
				CLANG_WARN_NON_LITERAL_NULL_CONVERSION = YES;
				CLANG_WARN_OBJC_IMPLICIT_RETAIN_SELF = YES;
				CLANG_WARN_OBJC_LITERAL_CONVERSION = YES;
				CLANG_WARN_OBJC_ROOT_CLASS = YES_ERROR;
				CLANG_WARN_QUOTED_INCLUDE_IN_FRAMEWORK_HEADER = YES;
				CLANG_WARN_RANGE_LOOP_ANALYSIS = YES;
				CLANG_WARN_STRICT_PROTOTYPES = YES;
				CLANG_WARN_SUSPICIOUS_MOVE = YES;
				CLANG_WARN_UNGUARDED_AVAILABILITY = YES_AGGRESSIVE;
				CLANG_WARN_UNREACHABLE_CODE = YES;
				CLANG_WARN__DUPLICATE_METHOD_MATCH = YES;
				COPY_PHASE_STRIP = NO;
				DEBUG_INFORMATION_FORMAT = "dwarf-with-dsym";
				ENABLE_NS_ASSERTIONS = NO;
				ENABLE_STRICT_OBJC_MSGSEND = YES;
				GCC_C_LANGUAGE_STANDARD = gnu11;
				GCC_NO_COMMON_BLOCKS = YES;
				GCC_WARN_64_TO_32_BIT_CONVERSION = YES;
				GCC_WARN_ABOUT_RETURN_TYPE = YES_ERROR;
				GCC_WARN_UNDECLARED_SELECTOR = YES;
				GCC_WARN_UNINITIALIZED_AUTOS = YES_AGGRESSIVE;
				GCC_WARN_UNUSED_FUNCTION = YES;
				GCC_WARN_UNUSED_VARIABLE = YES;
				IPHONEOS_DEPLOYMENT_TARGET = 15.5;
				MTL_ENABLE_DEBUG_INFO = NO;
				MTL_FAST_MATH = YES;
				SDKROOT = iphoneos;
				SWIFT_COMPILATION_MODE = wholemodule;
				SWIFT_OPTIMIZATION_LEVEL = "-O";
				VALIDATE_PRODUCT = YES;
			};
			name = Release;
		};
		01C9D4AF287F357700598D7C /* Debug */ = {
			isa = XCBuildConfiguration;
			baseConfigurationReference = 5C4FD7AD98F14155903E8EAB /* Pods-newsapp.debug.xcconfig */;
			buildSettings = {
				ASSETCATALOG_COMPILER_APPICON_NAME = AppIcon;
				ASSETCATALOG_COMPILER_GLOBAL_ACCENT_COLOR_NAME = AccentColor;
				CODE_SIGN_STYLE = Automatic;
				CURRENT_PROJECT_VERSION = 1;
				GENERATE_INFOPLIST_FILE = YES;
				INFOPLIST_FILE = newsapp/Info.plist;
				INFOPLIST_KEY_UIApplicationSupportsIndirectInputEvents = YES;
				INFOPLIST_KEY_UILaunchStoryboardName = LaunchScreen;
				INFOPLIST_KEY_UIMainStoryboardFile = Main;
				INFOPLIST_KEY_UISupportedInterfaceOrientations_iPad = "UIInterfaceOrientationPortrait UIInterfaceOrientationPortraitUpsideDown UIInterfaceOrientationLandscapeLeft UIInterfaceOrientationLandscapeRight";
				INFOPLIST_KEY_UISupportedInterfaceOrientations_iPhone = "UIInterfaceOrientationPortrait UIInterfaceOrientationLandscapeLeft UIInterfaceOrientationLandscapeRight";
				LD_RUNPATH_SEARCH_PATHS = (
					"$(inherited)",
					"@executable_path/Frameworks",
				);
				MARKETING_VERSION = 1.0;
				PRODUCT_BUNDLE_IDENTIFIER = com.kiran.newsapp;
				PRODUCT_NAME = "$(TARGET_NAME)";
				SWIFT_EMIT_LOC_STRINGS = YES;
				SWIFT_VERSION = 5.0;
				TARGETED_DEVICE_FAMILY = "1,2";
			};
			name = Debug;
		};
		01C9D4B0287F357700598D7C /* Release */ = {
			isa = XCBuildConfiguration;
			baseConfigurationReference = 2D83487484C2C3DC8BE5ACA8 /* Pods-newsapp.release.xcconfig */;
			buildSettings = {
				ASSETCATALOG_COMPILER_APPICON_NAME = AppIcon;
				ASSETCATALOG_COMPILER_GLOBAL_ACCENT_COLOR_NAME = AccentColor;
				CODE_SIGN_STYLE = Automatic;
				CURRENT_PROJECT_VERSION = 1;
				GENERATE_INFOPLIST_FILE = YES;
				INFOPLIST_FILE = newsapp/Info.plist;
				INFOPLIST_KEY_UIApplicationSupportsIndirectInputEvents = YES;
				INFOPLIST_KEY_UILaunchStoryboardName = LaunchScreen;
				INFOPLIST_KEY_UIMainStoryboardFile = Main;
				INFOPLIST_KEY_UISupportedInterfaceOrientations_iPad = "UIInterfaceOrientationPortrait UIInterfaceOrientationPortraitUpsideDown UIInterfaceOrientationLandscapeLeft UIInterfaceOrientationLandscapeRight";
				INFOPLIST_KEY_UISupportedInterfaceOrientations_iPhone = "UIInterfaceOrientationPortrait UIInterfaceOrientationLandscapeLeft UIInterfaceOrientationLandscapeRight";
				LD_RUNPATH_SEARCH_PATHS = (
					"$(inherited)",
					"@executable_path/Frameworks",
				);
				MARKETING_VERSION = 1.0;
				PRODUCT_BUNDLE_IDENTIFIER = com.kiran.newsapp;
				PRODUCT_NAME = "$(TARGET_NAME)";
				SWIFT_EMIT_LOC_STRINGS = YES;
				SWIFT_VERSION = 5.0;
				TARGETED_DEVICE_FAMILY = "1,2";
			};
			name = Release;
		};
/* End XCBuildConfiguration section */

/* Begin XCConfigurationList section */
		01C9D495287F357200598D7C /* Build configuration list for PBXProject "newsapp" */ = {
			isa = XCConfigurationList;
			buildConfigurations = (
				01C9D4AC287F357700598D7C /* Debug */,
				01C9D4AD287F357700598D7C /* Release */,
			);
			defaultConfigurationIsVisible = 0;
			defaultConfigurationName = Release;
		};
		01C9D4AE287F357700598D7C /* Build configuration list for PBXNativeTarget "newsapp" */ = {
			isa = XCConfigurationList;
			buildConfigurations = (
				01C9D4AF287F357700598D7C /* Debug */,
				01C9D4B0287F357700598D7C /* Release */,
			);
			defaultConfigurationIsVisible = 0;
			defaultConfigurationName = Release;
		};
/* End XCConfigurationList section */
	};
	rootObject = 01C9D492287F357200598D7C /* Project object */;
}
